
Microsoft Visual Studio Solution File, Format Version 12.00
# Visual Studio Version 16
VisualStudioVersion = 16.0.30717.126
MinimumVisualStudioVersion = 10.0.40219.1
Project("{9A19103F-16F7-4668-BE54-9A1E7A4F7556}") = "api", "api.csproj", "{C20F3B36-0FA2-402A-8056-4AE74E0A9D96}"
EndProject
Global
	GlobalSection(SolutionConfigurationPlatforms) = preSolution
		Debug|Any CPU = Debug|Any CPU
		Release|Any CPU = Release|Any CPU
	EndGlobalSection
	GlobalSection(ProjectConfigurationPlatforms) = postSolution
		{C20F3B36-0FA2-402A-8056-4AE74E0A9D96}.Debug|Any CPU.ActiveCfg = Debug|Any CPU
		{C20F3B36-0FA2-402A-8056-4AE74E0A9D96}.Debug|Any CPU.Build.0 = Debug|Any CPU
		{C20F3B36-0FA2-402A-8056-4AE74E0A9D96}.Release|Any CPU.ActiveCfg = Release|Any CPU
		{C20F3B36-0FA2-402A-8056-4AE74E0A9D96}.Release|Any CPU.Build.0 = Release|Any CPU
	EndGlobalSection
	GlobalSection(SolutionProperties) = preSolution
		HideSolutionNode = FALSE
	EndGlobalSection
	GlobalSection(ExtensibilityGlobals) = postSolution
		SolutionGuid = {A97B1678-8DE3-42BE-9649-10734B09615A}
	EndGlobalSection
EndGlobal
